{
  "name": "police-brutality-roulette",
  "version": "0.0.1",
  "lockfileVersion": 1,
  "requires": true,
  "dependencies": {
    "@kwsites/file-exists": {
      "version": "1.0.0",
      "resolved": "https://registry.npmjs.org/@kwsites/file-exists/-/file-exists-1.0.0.tgz",
      "integrity": "sha512-3pZ4FXS8sbjgCighOaB5qWAXo4F6SmuY5Ms+fAa8barGQyj0kzd4NzvjV5NVb1KdhtF8EawSxx5PaWxPUUqpKw=="
    },
    "@kwsites/math-sum": {
      "version": "1.0.1",
      "resolved": "https://registry.npmjs.org/@kwsites/math-sum/-/math-sum-1.0.1.tgz",
      "integrity": "sha512-Nk2Yg8SFJGgNBbVhCaO823325PXV8n5eSEl7PxacpMgeqTCUmHMIgScG2/o6JiHRoDYgq8JBvJuIU0SvRPgxxg=="
    },
    "detect-indent": {
      "version": "6.0.0",
      "resolved": "https://registry.npmjs.org/detect-indent/-/detect-indent-6.0.0.tgz",
      "integrity": "sha512-oSyFlqaTHCItVRGK5RmrmjB+CmaMOW7IaNA/kdxqhoa6d17j/5ce9O9eWXmV/KEdRwqpQA+Vqe8a8Bsybu4YnA=="
    },
    "graceful-fs": {
      "version": "4.2.4",
      "resolved": "https://registry.npmjs.org/graceful-fs/-/graceful-fs-4.2.4.tgz",
      "integrity": "sha512-WjKPNJF79dtJAVniUlGGWHYGz2jWxT6VhN/4m1NdkbZ2nOsEF+cI1Edgql5zCRhs/VsQYRvrXctxktVXZUkixw=="
    },
    "imurmurhash": {
      "version": "0.1.4",
      "resolved": "https://registry.npmjs.org/imurmurhash/-/imurmurhash-0.1.4.tgz",
      "integrity": "sha1-khi5srkoojixPcT7a21XbyMUU+o="
    },
    "is-plain-obj": {
      "version": "2.1.0",
      "resolved": "https://registry.npmjs.org/is-plain-obj/-/is-plain-obj-2.1.0.tgz",
      "integrity": "sha512-YWnfyRwxL/+SsrWYfOpUtz5b3YD+nyfkHvjbcanzk8zgyO4ASD67uVMRt8k5bM4lLMDnXfriRhOpemw+NfT1eA=="
    },
    "is-typedarray": {
      "version": "1.0.0",
      "resolved": "https://registry.npmjs.org/is-typedarray/-/is-typedarray-1.0.0.tgz",
      "integrity": "sha1-5HnICFjfDBsR3dppQPlgEfzaSpo="
    },
    "make-dir": {
      "version": "3.1.0",
      "resolved": "https://registry.npmjs.org/make-dir/-/make-dir-3.1.0.tgz",
      "integrity": "sha512-g3FeP20LNwhALb/6Cz6Dd4F2ngze0jz7tbzrD2wAV+o9FeNHe4rL+yK2md0J/fiSf1sa1ADhXqi5+oVwOM/eGw==",
      "requires": {
        "semver": "^6.0.0"
      }
    },
    "now": {
      "version": "19.0.1",
      "resolved": "https://registry.npmjs.org/now/-/now-19.0.1.tgz",
      "integrity": "sha512-Q/dUlRBPzoy6lHw9P9qnzGmXw3aBU5ypQ1JjrKwoQJoEVhU5hCa9dJCEtIiSIG5cModcirU0xJPemg54dvWPnA=="
    },
    "readdir": {
      "version": "1.0.2",
      "resolved": "https://registry.npmjs.org/readdir/-/readdir-1.0.2.tgz",
      "integrity": "sha512-/fOSAvuHNv3IyE1/GXuz7o0d+EIwe35a0Qd/yXWs48KKas0TnxhzHVmExFmMRsWgozaCWBQ81kNyXB7uD+iYow==",
      "requires": {
        "@kwsites/file-exists": "^1.0.0",
        "@kwsites/math-sum": "^1.0.0"
      }
    },
    "semver": {
      "version": "6.3.1",
      "resolved": "https://registry.npmjs.org/semver/-/semver-6.3.1.tgz",
      "integrity": "sha512-BR7VvDCVHO+q2xBEWskxS6DJE1qRnb7DxzUrogb71CWoSficBxYsiAGd+Kl0mmq/MprG9yArRkyrQxTO6XjMzA=="
    },
    "signal-exit": {
      "version": "3.0.3",
      "resolved": "https://registry.npmjs.org/signal-exit/-/signal-exit-3.0.3.tgz",
      "integrity": "sha512-VUJ49FC8U1OxwZLxIbTTrDvLnf/6TDgxZcK8wxR8zs13xpx7xbG60ndBlhNrFi2EMuFRoeDoJO7wthSLq42EjA=="
    },
    "sort-keys": {
      "version": "4.0.0",
      "resolved": "https://registry.npmjs.org/sort-keys/-/sort-keys-4.0.0.tgz",
      "integrity": "sha512-hlJLzrn/VN49uyNkZ8+9b+0q9DjmmYcYOnbMQtpkLrYpPwRApDPZfmqbUfJnAA3sb/nRib+nDot7Zi/1ER1fuA==",
      "requires": {
        "is-plain-obj": "^2.0.0"
      }
    },
    "typedarray-to-buffer": {
      "version": "3.1.5",
      "resolved": "https://registry.npmjs.org/typedarray-to-buffer/-/typedarray-to-buffer-3.1.5.tgz",
      "integrity": "sha512-zdu8XMNEDepKKR+XYOXAVPtWui0ly0NtohUscw+UmaHiAWT8hrV1rr//H6V+0DvJ3OQ19S979M0laLfX8rm82Q==",
      "requires": {
        "is-typedarray": "^1.0.0"
      }
    },
    "write-file-atomic": {
      "version": "3.0.3",
      "resolved": "https://registry.npmjs.org/write-file-atomic/-/write-file-atomic-3.0.3.tgz",
      "integrity": "sha512-AvHcyZ5JnSfq3ioSyjrBkH9yW4m7Ayk8/9My/DD9onKeu/94fwrMocemO2QAJFAlnnDN+ZDS+ZjAR5ua1/PV/Q==",
      "requires": {
        "imurmurhash": "^0.1.4",
        "is-typedarray": "^1.0.0",
        "signal-exit": "^3.0.2",
        "typedarray-to-buffer": "^3.1.5"
      }
    },
    "write-json-file": {
      "version": "4.3.0",
      "resolved": "https://registry.npmjs.org/write-json-file/-/write-json-file-4.3.0.tgz",
      "integrity": "sha512-PxiShnxf0IlnQuMYOPPhPkhExoCQuTUNPOa/2JWCYTmBquU9njyyDuwRKN26IZBlp4yn1nt+Agh2HOOBl+55HQ==",
      "requires": {
        "detect-indent": "^6.0.0",
        "graceful-fs": "^4.1.15",
        "is-plain-obj": "^2.0.0",
        "make-dir": "^3.0.0",
        "sort-keys": "^4.0.0",
        "write-file-atomic": "^3.0.0"
      }
    }
  }
}
