{
  "name": "police-brutality-roulette",
  "version": "0.0.1",
  "lockfileVersion": 1,
  "requires": true,
  "dependencies": {
    "@kwsites/file-exists": {
      "version": "1.0.0",
      "resolved": "https://registry.npmjs.org/@kwsites/file-exists/-/file-exists-1.0.0.tgz",
      "integrity": "sha512-3pZ4FXS8sbjgCighOaB5qWAXo4F6SmuY5Ms+fAa8barGQyj0kzd4NzvjV5NVb1KdhtF8EawSxx5PaWxPUUqpKw=="
    },
    "@kwsites/math-sum": {
      "version": "1.0.1",
      "resolved": "https://registry.npmjs.org/@kwsites/math-sum/-/math-sum-1.0.1.tgz",
      "integrity": "sha512-Nk2Yg8SFJGgNBbVhCaO823325PXV8n5eSEl7PxacpMgeqTCUmHMIgScG2/o6JiHRoDYgq8JBvJuIU0SvRPgxxg=="
    },
    "detect-indent": {
      "version": "7.0.1",
      "resolved": "https://registry.npmjs.org/detect-indent/-/detect-indent-7.0.1.tgz",
      "integrity": "sha512-Mc7QhQ8s+cLrnUfU/Ji94vG/r8M26m8f++vyres4ZoojaRDpZ1eSIh/EpzLNwlWuvzSZ3UbDFspjFvTDXe6e/g=="
    },
    "imurmurhash": {
      "version": "0.1.4",
      "resolved": "https://registry.npmjs.org/imurmurhash/-/imurmurhash-0.1.4.tgz",
      "integrity": "sha512-JmXMZ6wuvDmLiHEml9ykzqO6lwFbof0GG4IkcGaENdCRDDmMVnny7s5HsIgHCbaq0w2MyPhDqkhTUgS2LU2PHA=="
    },
    "is-plain-obj": {
      "version": "4.1.0",
      "resolved": "https://registry.npmjs.org/is-plain-obj/-/is-plain-obj-4.1.0.tgz",
      "integrity": "sha512-+Pgi+vMuUNkJyExiMBt5IlFoMyKnr5zhJ4Uspz58WOhBF5QoIZkFyNHIbBAtHwzVAgk5RtndVNsDRN61/mmDqg=="
    },
    "is-typedarray": {
      "version": "1.0.0",
      "resolved": "https://registry.npmjs.org/is-typedarray/-/is-typedarray-1.0.0.tgz",
      "integrity": "sha512-cyA56iCMHAh5CdzjJIa4aohJyeO1YbwLi3Jc35MmRU6poroFjIGZzUzupGiRPOjgHg9TLu43xbpwXk523fMxKA=="
    },
    "now": {
      "version": "19.0.1",
      "resolved": "https://registry.npmjs.org/now/-/now-19.0.1.tgz",
      "integrity": "sha512-Q/dUlRBPzoy6lHw9P9qnzGmXw3aBU5ypQ1JjrKwoQJoEVhU5hCa9dJCEtIiSIG5cModcirU0xJPemg54dvWPnA=="
    },
    "readdir": {
      "version": "1.0.2",
      "resolved": "https://registry.npmjs.org/readdir/-/readdir-1.0.2.tgz",
      "integrity": "sha512-/fOSAvuHNv3IyE1/GXuz7o0d+EIwe35a0Qd/yXWs48KKas0TnxhzHVmExFmMRsWgozaCWBQ81kNyXB7uD+iYow==",
      "requires": {
        "@kwsites/file-exists": "^1.0.0",
        "@kwsites/math-sum": "^1.0.0"
      }
    },
    "signal-exit": {
      "version": "3.0.7",
      "resolved": "https://registry.npmjs.org/signal-exit/-/signal-exit-3.0.7.tgz",
      "integrity": "sha512-wnD2ZE+l+SPC/uoS0vXeE9L1+0wuaMqKlfz9AMUo38JsyLSBWSFcHR1Rri62LZc12vLr1gb3jl7iwQhgwpAbGQ=="
    },
    "sort-keys": {
      "version": "5.0.0",
      "resolved": "https://registry.npmjs.org/sort-keys/-/sort-keys-5.0.0.tgz",
      "integrity": "sha512-Pdz01AvCAottHTPQGzndktFNdbRA75BgOfeT1hH+AMnJFv8lynkPi42rfeEhpx1saTEI3YNMWxfqu0sFD1G8pw==",
      "requires": {
        "is-plain-obj": "^4.0.0"
      }
    },
    "typedarray-to-buffer": {
      "version": "3.1.5",
      "resolved": "https://registry.npmjs.org/typedarray-to-buffer/-/typedarray-to-buffer-3.1.5.tgz",
      "integrity": "sha512-zdu8XMNEDepKKR+XYOXAVPtWui0ly0NtohUscw+UmaHiAWT8hrV1rr//H6V+0DvJ3OQ19S979M0laLfX8rm82Q==",
      "requires": {
        "is-typedarray": "^1.0.0"
      }
    },
    "write-file-atomic": {
      "version": "3.0.3",
      "resolved": "https://registry.npmjs.org/write-file-atomic/-/write-file-atomic-3.0.3.tgz",
      "integrity": "sha512-AvHcyZ5JnSfq3ioSyjrBkH9yW4m7Ayk8/9My/DD9onKeu/94fwrMocemO2QAJFAlnnDN+ZDS+ZjAR5ua1/PV/Q==",
      "requires": {
        "imurmurhash": "^0.1.4",
        "is-typedarray": "^1.0.0",
        "signal-exit": "^3.0.2",
        "typedarray-to-buffer": "^3.1.5"
      }
    },
    "write-json-file": {
      "version": "5.0.0",
      "resolved": "https://registry.npmjs.org/write-json-file/-/write-json-file-5.0.0.tgz",
      "integrity": "sha512-ddSsCLa4aQ3kI21BthINo4q905/wfhvQ3JL3774AcRjBaiQmfn5v4rw77jQ7T6CmAit9VOQO+FsLyPkwxoB1fw==",
      "requires": {
        "detect-indent": "^7.0.0",
        "is-plain-obj": "^4.0.0",
        "sort-keys": "^5.0.0",
        "write-file-atomic": "^3.0.3"
      }
    }
  }
}
